
Microsoft Visual Studio Solution File, Format Version 12.00
# Visual Studio Version 17
VisualStudioVersion = 17.5.33424.131
MinimumVisualStudioVersion = 10.0.40219.1
Project("{FAE04EC0-301F-11D3-BF4B-00C04F79EFBC}") = "DelegatorOperatorPrac", "DelegatorOperatorPrac\DelegatorOperatorPrac.csproj", "{DA8EFEC4-C3E0-488C-8609-760642ECBE12}"
EndProject
Global
	GlobalSection(SolutionConfigurationPlatforms) = preSolution
		Debug|Any CPU = Debug|Any CPU
		Release|Any CPU = Release|Any CPU
	EndGlobalSection
	GlobalSection(ProjectConfigurationPlatforms) = postSolution
		{DA8EFEC4-C3E0-488C-8609-760642ECBE12}.Debug|Any CPU.ActiveCfg = Debug|Any CPU
		{DA8EFEC4-C3E0-488C-8609-760642ECBE12}.Debug|Any CPU.Build.0 = Debug|Any CPU
		{DA8EFEC4-C3E0-488C-8609-760642ECBE12}.Release|Any CPU.ActiveCfg = Release|Any CPU
		{DA8EFEC4-C3E0-488C-8609-760642ECBE12}.Release|Any CPU.Build.0 = Release|Any CPU
	EndGlobalSection
	GlobalSection(SolutionProperties) = preSolution
		HideSolutionNode = FALSE
	EndGlobalSection
	GlobalSection(ExtensibilityGlobals) = postSolution
		SolutionGuid = {D6F6D436-5A4B-431B-B6FD-5864DEF2EF67}
	EndGlobalSection
EndGlobal
